
Microsoft Visual Studio Solution File, Format Version 12.00
# Visual Studio Version 17
VisualStudioVersion = 17.0.31903.59
MinimumVisualStudioVersion = 10.0.40219.1
Project("{2150E333-8FDC-42A3-9474-1A3956D46DE8}") = "src", "src", "{827E0CD3-B72D-47B6-A68D-7590B98EB39B}"
EndProject
Project("{FAE04EC0-301F-11D3-BF4B-00C04F79EFBC}") = "FlashQueue.Domain", "src\FlashQueue.Domain\FlashQueue.Domain.csproj", "{3E578E1A-707A-48CF-AC27-C6A8A05B4B62}"
EndProject
Project("{FAE04EC0-301F-11D3-BF4B-00C04F79EFBC}") = "FlashQueue.Application", "src\FlashQueue.Application\FlashQueue.Application.csproj", "{D7A59DD9-DCFF-4F47-8D17-24E530AF268D}"
EndProject
Project("{FAE04EC0-301F-11D3-BF4B-00C04F79EFBC}") = "FlashQueue.Contracts", "src\FlashQueue.Contracts\FlashQueue.Contracts.csproj", "{9AE75C4E-910E-4F02-8204-809995A9E487}"
EndProject
Global
	GlobalSection(SolutionConfigurationPlatforms) = preSolution
		Debug|Any CPU = Debug|Any CPU
		Debug|x64 = Debug|x64
		Debug|x86 = Debug|x86
		Release|Any CPU = Release|Any CPU
		Release|x64 = Release|x64
		Release|x86 = Release|x86
	EndGlobalSection
	GlobalSection(ProjectConfigurationPlatforms) = postSolution
		{3E578E1A-707A-48CF-AC27-C6A8A05B4B62}.Debug|Any CPU.ActiveCfg = Debug|Any CPU
		{3E578E1A-707A-48CF-AC27-C6A8A05B4B62}.Debug|Any CPU.Build.0 = Debug|Any CPU
		{3E578E1A-707A-48CF-AC27-C6A8A05B4B62}.Debug|x64.ActiveCfg = Debug|Any CPU
		{3E578E1A-707A-48CF-AC27-C6A8A05B4B62}.Debug|x64.Build.0 = Debug|Any CPU
		{3E578E1A-707A-48CF-AC27-C6A8A05B4B62}.Debug|x86.ActiveCfg = Debug|Any CPU
		{3E578E1A-707A-48CF-AC27-C6A8A05B4B62}.Debug|x86.Build.0 = Debug|Any CPU
		{3E578E1A-707A-48CF-AC27-C6A8A05B4B62}.Release|Any CPU.ActiveCfg = Release|Any CPU
		{3E578E1A-707A-48CF-AC27-C6A8A05B4B62}.Release|Any CPU.Build.0 = Release|Any CPU
		{3E578E1A-707A-48CF-AC27-C6A8A05B4B62}.Release|x64.ActiveCfg = Release|Any CPU
		{3E578E1A-707A-48CF-AC27-C6A8A05B4B62}.Release|x64.Build.0 = Release|Any CPU
		{3E578E1A-707A-48CF-AC27-C6A8A05B4B62}.Release|x86.ActiveCfg = Release|Any CPU
		{3E578E1A-707A-48CF-AC27-C6A8A05B4B62}.Release|x86.Build.0 = Release|Any CPU
		{D7A59DD9-DCFF-4F47-8D17-24E530AF268D}.Debug|Any CPU.ActiveCfg = Debug|Any CPU
		{D7A59DD9-DCFF-4F47-8D17-24E530AF268D}.Debug|Any CPU.Build.0 = Debug|Any CPU
		{D7A59DD9-DCFF-4F47-8D17-24E530AF268D}.Debug|x64.ActiveCfg = Debug|Any CPU
		{D7A59DD9-DCFF-4F47-8D17-24E530AF268D}.Debug|x64.Build.0 = Debug|Any CPU
		{D7A59DD9-DCFF-4F47-8D17-24E530AF268D}.Debug|x86.ActiveCfg = Debug|Any CPU
		{D7A59DD9-DCFF-4F47-8D17-24E530AF268D}.Debug|x86.Build.0 = Debug|Any CPU
		{D7A59DD9-DCFF-4F47-8D17-24E530AF268D}.Release|Any CPU.ActiveCfg = Release|Any CPU
		{D7A59DD9-DCFF-4F47-8D17-24E530AF268D}.Release|Any CPU.Build.0 = Release|Any CPU
		{D7A59DD9-DCFF-4F47-8D17-24E530AF268D}.Release|x64.ActiveCfg = Release|Any CPU
		{D7A59DD9-DCFF-4F47-8D17-24E530AF268D}.Release|x64.Build.0 = Release|Any CPU
		{D7A59DD9-DCFF-4F47-8D17-24E530AF268D}.Release|x86.ActiveCfg = Release|Any CPU
		{D7A59DD9-DCFF-4F47-8D17-24E530AF268D}.Release|x86.Build.0 = Release|Any CPU
		{9AE75C4E-910E-4F02-8204-809995A9E487}.Debug|Any CPU.ActiveCfg = Debug|Any CPU
		{9AE75C4E-910E-4F02-8204-809995A9E487}.Debug|Any CPU.Build.0 = Debug|Any CPU
		{9AE75C4E-910E-4F02-8204-809995A9E487}.Debug|x64.ActiveCfg = Debug|Any CPU
		{9AE75C4E-910E-4F02-8204-809995A9E487}.Debug|x64.Build.0 = Debug|Any CPU
		{9AE75C4E-910E-4F02-8204-809995A9E487}.Debug|x86.ActiveCfg = Debug|Any CPU
		{9AE75C4E-910E-4F02-8204-809995A9E487}.Debug|x86.Build.0 = Debug|Any CPU
		{9AE75C4E-910E-4F02-8204-809995A9E487}.Release|Any CPU.ActiveCfg = Release|Any CPU
		{9AE75C4E-910E-4F02-8204-809995A9E487}.Release|Any CPU.Build.0 = Release|Any CPU
		{9AE75C4E-910E-4F02-8204-809995A9E487}.Release|x64.ActiveCfg = Release|Any CPU
		{9AE75C4E-910E-4F02-8204-809995A9E487}.Release|x64.Build.0 = Release|Any CPU
		{9AE75C4E-910E-4F02-8204-809995A9E487}.Release|x86.ActiveCfg = Release|Any CPU
		{9AE75C4E-910E-4F02-8204-809995A9E487}.Release|x86.Build.0 = Release|Any CPU
	EndGlobalSection
	GlobalSection(SolutionProperties) = preSolution
		HideSolutionNode = FALSE
	EndGlobalSection
	GlobalSection(NestedProjects) = preSolution
		{3E578E1A-707A-48CF-AC27-C6A8A05B4B62} = {827E0CD3-B72D-47B6-A68D-7590B98EB39B}
		{D7A59DD9-DCFF-4F47-8D17-24E530AF268D} = {827E0CD3-B72D-47B6-A68D-7590B98EB39B}
		{9AE75C4E-910E-4F02-8204-809995A9E487} = {827E0CD3-B72D-47B6-A68D-7590B98EB39B}
	EndGlobalSection
EndGlobal
